# This file is automatically @generated by Cargo.
# It is not intended for manual editing.
version = 3

[[package]]
name = "anyhow"
version = "1.0.57"
source = "registry+https://github.com/rust-lang/crates.io-index"
checksum = "08f9b8508dccb7687a1d6c4ce66b2b0ecef467c94667de27d8d7fe1f8d2a9cdc"

[[package]]
name = "enum-iterator"
version = "1.1.0"
source = "registry+https://github.com/rust-lang/crates.io-index"
checksum = "61db03f988325e7f042ab151d28f416fac630f3c53df9ed6d71d98a1f7fabb2f"
dependencies = [
 "enum-iterator-derive",
]

[[package]]
name = "enum-iterator-derive"
version = "1.0.0"
source = "registry+https://github.com/rust-lang/crates.io-index"
checksum = "3a375a452d20c4dbbaa397e84cdfaa2712b4b3d22bf49426e9c8725d10fef005"
dependencies = [
 "proc-macro2",
 "quote",
 "syn",
]

[[package]]
name = "proc-macro2"
version = "1.0.39"
source = "registry+https://github.com/rust-lang/crates.io-index"
checksum = "c54b25569025b7fc9651de43004ae593a75ad88543b17178aa5e1b9c4f15f56f"
dependencies = [
 "unicode-ident",
]

[[package]]
name = "quote"
version = "1.0.18"
source = "registry+https://github.com/rust-lang/crates.io-index"
checksum = "a1feb54ed693b93a84e14094943b84b7c4eae204c512b7ccb95ab0c66d278ad1"
dependencies = [
 "proc-macro2",
]

[[package]]
name = "syn"
version = "1.0.95"
source = "registry+https://github.com/rust-lang/crates.io-index"
checksum = "fbaf6116ab8924f39d52792136fb74fd60a80194cf1b1c6ffa6453eef1c3f942"
dependencies = [
 "proc-macro2",
 "quote",
 "unicode-ident",
]

[[package]]
name = "thiserror"
version = "1.0.31"
source = "registry+https://github.com/rust-lang/crates.io-index"
checksum = "bd829fe32373d27f76265620b5309d0340cb8550f523c1dda251d6298069069a"
dependencies = [
 "thiserror-impl",
]

[[package]]
name = "thiserror-impl"
version = "1.0.31"
source = "registry+https://github.com/rust-lang/crates.io-index"
checksum = "0396bc89e626244658bef819e22d0cc459e795a5ebe878e6ec336d1674a8d79a"
dependencies = [
 "proc-macro2",
 "quote",
 "syn",
]

[[package]]
name = "uconvert"
version = "0.1.0"
dependencies = [
 "anyhow",
 "enum-iterator",
 "thiserror",
]

[[package]]
name = "unicode-ident"
version = "1.0.0"
source = "registry+https://github.com/rust-lang/crates.io-index"
checksum = "d22af068fba1eb5edcb4aea19d382b2a3deb4c8f9d475c589b6ada9e0fd493ee"
